
Microsoft Visual Studio Solution File, Format Version 12.00
# Visual Studio Version 17
VisualStudioVersion = 17.13.35919.96 d17.13
MinimumVisualStudioVersion = 10.0.40219.1
Project("{FAE04EC0-301F-11D3-BF4B-00C04F79EFBC}") = "motor de notificaciones", "motor de notificaciones.csproj", "{C8D40B56-1B65-4262-A38F-04D06D2ADDA7}"
EndProject
Global
	GlobalSection(SolutionConfigurationPlatforms) = preSolution
		Debug|Any CPU = Debug|Any CPU
		Release|Any CPU = Release|Any CPU
	EndGlobalSection
	GlobalSection(ProjectConfigurationPlatforms) = postSolution
		{C8D40B56-1B65-4262-A38F-04D06D2ADDA7}.Debug|Any CPU.ActiveCfg = Debug|Any CPU
		{C8D40B56-1B65-4262-A38F-04D06D2ADDA7}.Debug|Any CPU.Build.0 = Debug|Any CPU
		{C8D40B56-1B65-4262-A38F-04D06D2ADDA7}.Release|Any CPU.ActiveCfg = Release|Any CPU
		{C8D40B56-1B65-4262-A38F-04D06D2ADDA7}.Release|Any CPU.Build.0 = Release|Any CPU
	EndGlobalSection
	GlobalSection(SolutionProperties) = preSolution
		HideSolutionNode = FALSE
	EndGlobalSection
	GlobalSection(ExtensibilityGlobals) = postSolution
		SolutionGuid = {8BEA049E-8843-4FD0-96F3-198BC0F3DA98}
	EndGlobalSection
EndGlobal
