
Microsoft Visual Studio Solution File, Format Version 12.00
# Visual Studio Version 17
VisualStudioVersion = 17.13.35919.96 d17.13
MinimumVisualStudioVersion = 10.0.40219.1
Project("{FAE04EC0-301F-11D3-BF4B-00C04F79EFBC}") = "Sistema Bancario Seguro", "Sistema Bancario Seguro.csproj", "{08B6025A-176A-4F56-9BCA-D55D71291BAF}"
EndProject
Global
	GlobalSection(SolutionConfigurationPlatforms) = preSolution
		Debug|Any CPU = Debug|Any CPU
		Release|Any CPU = Release|Any CPU
	EndGlobalSection
	GlobalSection(ProjectConfigurationPlatforms) = postSolution
		{08B6025A-176A-4F56-9BCA-D55D71291BAF}.Debug|Any CPU.ActiveCfg = Debug|Any CPU
		{08B6025A-176A-4F56-9BCA-D55D71291BAF}.Debug|Any CPU.Build.0 = Debug|Any CPU
		{08B6025A-176A-4F56-9BCA-D55D71291BAF}.Release|Any CPU.ActiveCfg = Release|Any CPU
		{08B6025A-176A-4F56-9BCA-D55D71291BAF}.Release|Any CPU.Build.0 = Release|Any CPU
	EndGlobalSection
	GlobalSection(SolutionProperties) = preSolution
		HideSolutionNode = FALSE
	EndGlobalSection
	GlobalSection(ExtensibilityGlobals) = postSolution
		SolutionGuid = {85DB5A51-6AB3-408E-A749-356B1C9AAE00}
	EndGlobalSection
EndGlobal
