
Microsoft Visual Studio Solution File, Format Version 12.00
# Visual Studio Version 17
VisualStudioVersion = 17.13.35919.96 d17.13
MinimumVisualStudioVersion = 10.0.40219.1
Project("{FAE04EC0-301F-11D3-BF4B-00C04F79EFBC}") = "Sistema de emplados", "Sistema de emplados.csproj", "{975263B9-9934-4578-9A9F-161EC4E4E167}"
EndProject
Global
	GlobalSection(SolutionConfigurationPlatforms) = preSolution
		Debug|Any CPU = Debug|Any CPU
		Release|Any CPU = Release|Any CPU
	EndGlobalSection
	GlobalSection(ProjectConfigurationPlatforms) = postSolution
		{975263B9-9934-4578-9A9F-161EC4E4E167}.Debug|Any CPU.ActiveCfg = Debug|Any CPU
		{975263B9-9934-4578-9A9F-161EC4E4E167}.Debug|Any CPU.Build.0 = Debug|Any CPU
		{975263B9-9934-4578-9A9F-161EC4E4E167}.Release|Any CPU.ActiveCfg = Release|Any CPU
		{975263B9-9934-4578-9A9F-161EC4E4E167}.Release|Any CPU.Build.0 = Release|Any CPU
	EndGlobalSection
	GlobalSection(SolutionProperties) = preSolution
		HideSolutionNode = FALSE
	EndGlobalSection
	GlobalSection(ExtensibilityGlobals) = postSolution
		SolutionGuid = {927F8563-3FD2-4B43-890C-2E0D69C0D6B8}
	EndGlobalSection
EndGlobal
